{
  "originHash" : "362ca0b6903e2340aca484ab1e4e336f997f45810c89a0b6517a576899dce3d7",
  "pins" : [
    {
      "identity" : "iatheto",
      "kind" : "remoteSourceControl",
      "location" : "https://github.com/Prosumma/Iatheto",
      "state" : {
        "revision" : "2a00fb94c344910218ff59ef533beab522aef27f",
        "version" : "3.1.1"
      }
    }
  ],
  "version" : 3
}
