{
  "originHash" : "8488ba94613d1db00c6135e5b2cd8ca60b154b8d79f660387d71d53c427f7c95",
  "pins" : [
    {
      "identity" : "iatheto",
      "kind" : "remoteSourceControl",
      "location" : "https://github.com/Prosumma/Iatheto",
      "state" : {
        "revision" : "4487ad593f46ff8cdd3fb30a3d8a1f34a73f55cb",
        "version" : "3.0.4"
      }
    }
  ],
  "version" : 3
}
